
Microsoft Visual Studio Solution File, Format Version 12.00
# Visual Studio Version 17
VisualStudioVersion = 17.6.33815.320
MinimumVisualStudioVersion = 10.0.40219.1
Project("{FAE04EC0-301F-11D3-BF4B-00C04F79EFBC}") = "Implementation", "Implementation\Implementation.csproj", "{9C94B910-6482-47F0-BF84-9F5B5B30021D}"
EndProject
Project("{FAE04EC0-301F-11D3-BF4B-00C04F79EFBC}") = "Testing", "Testing\Testing.csproj", "{7EF6E55D-595E-48C9-BF8D-A7A090C43223}"
EndProject
Global
	GlobalSection(SolutionConfigurationPlatforms) = preSolution
		Debug|Any CPU = Debug|Any CPU
		Release|Any CPU = Release|Any CPU
	EndGlobalSection
	GlobalSection(ProjectConfigurationPlatforms) = postSolution
		{9C94B910-6482-47F0-BF84-9F5B5B30021D}.Debug|Any CPU.ActiveCfg = Debug|Any CPU
		{9C94B910-6482-47F0-BF84-9F5B5B30021D}.Debug|Any CPU.Build.0 = Debug|Any CPU
		{9C94B910-6482-47F0-BF84-9F5B5B30021D}.Release|Any CPU.ActiveCfg = Release|Any CPU
		{9C94B910-6482-47F0-BF84-9F5B5B30021D}.Release|Any CPU.Build.0 = Release|Any CPU
		{7EF6E55D-595E-48C9-BF8D-A7A090C43223}.Debug|Any CPU.ActiveCfg = Debug|Any CPU
		{7EF6E55D-595E-48C9-BF8D-A7A090C43223}.Debug|Any CPU.Build.0 = Debug|Any CPU
		{7EF6E55D-595E-48C9-BF8D-A7A090C43223}.Release|Any CPU.ActiveCfg = Release|Any CPU
		{7EF6E55D-595E-48C9-BF8D-A7A090C43223}.Release|Any CPU.Build.0 = Release|Any CPU
	EndGlobalSection
	GlobalSection(SolutionProperties) = preSolution
		HideSolutionNode = FALSE
	EndGlobalSection
	GlobalSection(ExtensibilityGlobals) = postSolution
		SolutionGuid = {61E5D08D-5375-4244-8EA3-600B72CBC340}
	EndGlobalSection
EndGlobal
